{
  "name": "exercicios",
  "lockfileVersion": 2,
  "requires": true,
  "packages": {
    "": {
      "dependencies": {
        "numero-por-extenso": "^1.0.8"
      }
    },
    "node_modules/numero-por-extenso": {
      "version": "1.0.8",
      "resolved": "https://registry.npmjs.org/numero-por-extenso/-/numero-por-extenso-1.0.8.tgz",
      "integrity": "sha512-DOwE+gOIQBcD0xy/SAWxVmaquOMuKiZXSIesbXnP495RnfctAZ6EbKAElofk05qf575aK8ICg9ISlAQt5KFAbQ=="
    }
  },
  "dependencies": {
    "numero-por-extenso": {
      "version": "1.0.8",
      "resolved": "https://registry.npmjs.org/numero-por-extenso/-/numero-por-extenso-1.0.8.tgz",
      "integrity": "sha512-DOwE+gOIQBcD0xy/SAWxVmaquOMuKiZXSIesbXnP495RnfctAZ6EbKAElofk05qf575aK8ICg9ISlAQt5KFAbQ=="
    }
  }
}
